
Microsoft Visual Studio Solution File, Format Version 12.00
# Visual Studio Version 16
VisualStudioVersion = 16.0.30104.148
MinimumVisualStudioVersion = 10.0.40219.1
Project("{FAE04EC0-301F-11D3-BF4B-00C04F79EFBC}") = "AspnetMVC5template", "AspnetMVC5template\AspnetMVC5template.csproj", "{47699F01-DCF9-47BE-B6EE-1D3C742FAB12}"
EndProject
Global
	GlobalSection(SolutionConfigurationPlatforms) = preSolution
		Debug|Any CPU = Debug|Any CPU
		Release|Any CPU = Release|Any CPU
	EndGlobalSection
	GlobalSection(ProjectConfigurationPlatforms) = postSolution
		{47699F01-DCF9-47BE-B6EE-1D3C742FAB12}.Debug|Any CPU.ActiveCfg = Debug|Any CPU
		{47699F01-DCF9-47BE-B6EE-1D3C742FAB12}.Debug|Any CPU.Build.0 = Debug|Any CPU
		{47699F01-DCF9-47BE-B6EE-1D3C742FAB12}.Release|Any CPU.ActiveCfg = Release|Any CPU
		{47699F01-DCF9-47BE-B6EE-1D3C742FAB12}.Release|Any CPU.Build.0 = Release|Any CPU
	EndGlobalSection
	GlobalSection(SolutionProperties) = preSolution
		HideSolutionNode = FALSE
	EndGlobalSection
	GlobalSection(ExtensibilityGlobals) = postSolution
		SolutionGuid = {E0D7B1B2-34A7-4DD8-A43F-7503CCA4C4FA}
	EndGlobalSection
EndGlobal
